
Microsoft Visual Studio Solution File, Format Version 12.00
# Visual Studio Version 17
VisualStudioVersion = 17.3.32929.385
MinimumVisualStudioVersion = 10.0.40219.1
Project("{FAE04EC0-301F-11D3-BF4B-00C04F79EFBC}") = "gitapp", "gitapp\gitapp.csproj", "{EB2817C6-8B18-44FC-9E28-479CEADF82EE}"
EndProject
Global
	GlobalSection(SolutionConfigurationPlatforms) = preSolution
		Debug|Any CPU = Debug|Any CPU
		Release|Any CPU = Release|Any CPU
	EndGlobalSection
	GlobalSection(ProjectConfigurationPlatforms) = postSolution
		{EB2817C6-8B18-44FC-9E28-479CEADF82EE}.Debug|Any CPU.ActiveCfg = Debug|Any CPU
		{EB2817C6-8B18-44FC-9E28-479CEADF82EE}.Debug|Any CPU.Build.0 = Debug|Any CPU
		{EB2817C6-8B18-44FC-9E28-479CEADF82EE}.Release|Any CPU.ActiveCfg = Release|Any CPU
		{EB2817C6-8B18-44FC-9E28-479CEADF82EE}.Release|Any CPU.Build.0 = Release|Any CPU
	EndGlobalSection
	GlobalSection(SolutionProperties) = preSolution
		HideSolutionNode = FALSE
	EndGlobalSection
	GlobalSection(ExtensibilityGlobals) = postSolution
		SolutionGuid = {B10DCEB6-ADA1-458C-A551-65AF4B0B1800}
	EndGlobalSection
EndGlobal
